
Microsoft Visual Studio Solution File, Format Version 12.00
# Visual Studio Version 17
VisualStudioVersion = 17.3.32825.248
MinimumVisualStudioVersion = 10.0.40219.1
Project("{FAE04EC0-301F-11D3-BF4B-00C04F79EFBC}") = "lab_7_g", "lab_7_g.csproj", "{C3C14A17-2A74-428E-BA3F-D79691E5BD39}"
EndProject
Global
	GlobalSection(SolutionConfigurationPlatforms) = preSolution
		Debug|Any CPU = Debug|Any CPU
		Release|Any CPU = Release|Any CPU
	EndGlobalSection
	GlobalSection(ProjectConfigurationPlatforms) = postSolution
		{C3C14A17-2A74-428E-BA3F-D79691E5BD39}.Debug|Any CPU.ActiveCfg = Debug|Any CPU
		{C3C14A17-2A74-428E-BA3F-D79691E5BD39}.Debug|Any CPU.Build.0 = Debug|Any CPU
		{C3C14A17-2A74-428E-BA3F-D79691E5BD39}.Release|Any CPU.ActiveCfg = Release|Any CPU
		{C3C14A17-2A74-428E-BA3F-D79691E5BD39}.Release|Any CPU.Build.0 = Release|Any CPU
	EndGlobalSection
	GlobalSection(SolutionProperties) = preSolution
		HideSolutionNode = FALSE
	EndGlobalSection
	GlobalSection(ExtensibilityGlobals) = postSolution
		SolutionGuid = {0C19CE01-59E2-4CA8-B6A5-7EA9FE5892F1}
	EndGlobalSection
EndGlobal
